
Microsoft Visual Studio Solution File, Format Version 12.00
# Visual Studio Version 16
VisualStudioVersion = 16.0.29020.237
MinimumVisualStudioVersion = 10.0.40219.1
Project("{FAE04EC0-301F-11D3-BF4B-00C04F79EFBC}") = "WiresharkWcf", "WiresharkWcf.csproj", "{E223B290-0017-4781-AE06-ED4BE13E16B9}"
EndProject
Global
	GlobalSection(SolutionConfigurationPlatforms) = preSolution
		Debug|Any CPU = Debug|Any CPU
		Debug|x64 = Debug|x64
		Release|Any CPU = Release|Any CPU
		Release|x64 = Release|x64
	EndGlobalSection
	GlobalSection(ProjectConfigurationPlatforms) = postSolution
		{E223B290-0017-4781-AE06-ED4BE13E16B9}.Debug|Any CPU.ActiveCfg = Debug|Any CPU
		{E223B290-0017-4781-AE06-ED4BE13E16B9}.Debug|Any CPU.Build.0 = Debug|Any CPU
		{E223B290-0017-4781-AE06-ED4BE13E16B9}.Debug|x64.ActiveCfg = Debug|x64
		{E223B290-0017-4781-AE06-ED4BE13E16B9}.Debug|x64.Build.0 = Debug|x64
		{E223B290-0017-4781-AE06-ED4BE13E16B9}.Release|Any CPU.ActiveCfg = Release|Any CPU
		{E223B290-0017-4781-AE06-ED4BE13E16B9}.Release|Any CPU.Build.0 = Release|Any CPU
		{E223B290-0017-4781-AE06-ED4BE13E16B9}.Release|x64.ActiveCfg = Release|x64
		{E223B290-0017-4781-AE06-ED4BE13E16B9}.Release|x64.Build.0 = Release|x64
	EndGlobalSection
	GlobalSection(SolutionProperties) = preSolution
		HideSolutionNode = FALSE
	EndGlobalSection
	GlobalSection(ExtensibilityGlobals) = postSolution
		SolutionGuid = {6FD67EAF-3C14-4742-9CB7-DF9ECB4E947C}
	EndGlobalSection
	GlobalSection(TeamFoundationVersionControl) = preSolution
		SccNumberOfProjects = 2
		SccEnterpriseProvider = {4CA58AB2-18FA-4F8D-95D4-32DDF27D184C}
		SccTeamFoundationServer = https://zl2.visualstudio.com/
		SccLocalPath0 = .
		SccProjectUniqueName1 = WiresharkWcf.csproj
		SccLocalPath1 = .
	EndGlobalSection
EndGlobal
